# THIS IS AN AUTOGENERATED FILE. DO NOT EDIT THIS FILE DIRECTLY.
# yarn lockfile v1


chart.js@^3.5.1:
  version "3.5.1"
  resolved "https://registry.yarnpkg.com/chart.js/-/chart.js-3.5.1.tgz#73e24d23a4134a70ccdb5e79a917f156b6f3644a"
  integrity sha512-m5kzt72I1WQ9LILwQC4syla/LD/N413RYv2Dx2nnTkRS9iv/ey1xLTt0DnPc/eWV4zI+BgEgDYBIzbQhZHc/PQ==

lodash@^4.17.19:
  version "4.17.21"
  resolved "https://registry.yarnpkg.com/lodash/-/lodash-4.17.21.tgz#679591c564c3bffaae8454cf0b3df370c3d6911c"
  integrity sha512-v2kDEe57lecTulaDIuNTPy3Ry4gLGJ6Z1O3vE1krgXZNrsQ+LFTGHVxVjcXPs17LhbZVGedAJv8XZ1tvj5FvSg==

react-chartjs-2@^3.1.0:
  version "3.1.0"
  resolved "https://registry.yarnpkg.com/react-chartjs-2/-/react-chartjs-2-3.1.0.tgz#3eefac6202ce2ee1034dc89c05601f346435afb2"
  integrity sha512-j4PdePVu66M408Kpk/2UEfFJw3Hw7TxhOKW3RhV7/eU117OL8phFrWrRDWEipvt2V+5myqHSGMvXzKCm/RkfUw==
  dependencies:
    lodash "^4.17.19"
